
Microsoft Visual Studio Solution File, Format Version 12.00
# Visual Studio Version 16
VisualStudioVersion = 16.0.29613.14
MinimumVisualStudioVersion = 10.0.40219.1
Project("{FAE04EC0-301F-11D3-BF4B-00C04F79EFBC}") = "DE01_03", "DE01_03\DE01_03.csproj", "{95CCD146-8CCC-4336-8BCB-005B075EA3CB}"
EndProject
Global
	GlobalSection(SolutionConfigurationPlatforms) = preSolution
		Debug|Any CPU = Debug|Any CPU
		Release|Any CPU = Release|Any CPU
	EndGlobalSection
	GlobalSection(ProjectConfigurationPlatforms) = postSolution
		{95CCD146-8CCC-4336-8BCB-005B075EA3CB}.Debug|Any CPU.ActiveCfg = Debug|Any CPU
		{95CCD146-8CCC-4336-8BCB-005B075EA3CB}.Debug|Any CPU.Build.0 = Debug|Any CPU
		{95CCD146-8CCC-4336-8BCB-005B075EA3CB}.Release|Any CPU.ActiveCfg = Release|Any CPU
		{95CCD146-8CCC-4336-8BCB-005B075EA3CB}.Release|Any CPU.Build.0 = Release|Any CPU
	EndGlobalSection
	GlobalSection(SolutionProperties) = preSolution
		HideSolutionNode = FALSE
	EndGlobalSection
	GlobalSection(ExtensibilityGlobals) = postSolution
		SolutionGuid = {CC27DABA-2181-4D94-90E1-F582BA8AA4F0}
	EndGlobalSection
EndGlobal
