
Microsoft Visual Studio Solution File, Format Version 12.00
# Visual Studio Version 16
VisualStudioVersion = 16.0.29519.87
MinimumVisualStudioVersion = 10.0.40219.1
Project("{888888A0-9F3D-457C-B088-3A5042F75D52}") = "PythonTeste", "PythonTeste\PythonTeste.pyproj", "{62CD727E-232D-41B8-B700-5DA33E82D996}"
EndProject
Global
	GlobalSection(SolutionConfigurationPlatforms) = preSolution
		Debug|Any CPU = Debug|Any CPU
		Release|Any CPU = Release|Any CPU
	EndGlobalSection
	GlobalSection(ProjectConfigurationPlatforms) = postSolution
		{62CD727E-232D-41B8-B700-5DA33E82D996}.Debug|Any CPU.ActiveCfg = Debug|Any CPU
		{62CD727E-232D-41B8-B700-5DA33E82D996}.Release|Any CPU.ActiveCfg = Release|Any CPU
	EndGlobalSection
	GlobalSection(SolutionProperties) = preSolution
		HideSolutionNode = FALSE
	EndGlobalSection
	GlobalSection(ExtensibilityGlobals) = postSolution
		SolutionGuid = {F79F24E1-85B7-423C-BA9B-90BB668BEED2}
	EndGlobalSection
EndGlobal
