
Microsoft Visual Studio Solution File, Format Version 12.00
# Visual Studio Version 16
VisualStudioVersion = 16.0.29519.87
MinimumVisualStudioVersion = 10.0.40219.1
Project("{FAE04EC0-301F-11D3-BF4B-00C04F79EFBC}") = "MOD3_PROJETOFINAL_NIVEL3", "MOD3_PROJETOFINAL_NIVEL3\MOD3_PROJETOFINAL_NIVEL3.csproj", "{5CCF6C8A-9F6B-4985-8E73-C051A8D274F3}"
EndProject
Global
	GlobalSection(SolutionConfigurationPlatforms) = preSolution
		Debug|Any CPU = Debug|Any CPU
		Release|Any CPU = Release|Any CPU
	EndGlobalSection
	GlobalSection(ProjectConfigurationPlatforms) = postSolution
		{5CCF6C8A-9F6B-4985-8E73-C051A8D274F3}.Debug|Any CPU.ActiveCfg = Debug|Any CPU
		{5CCF6C8A-9F6B-4985-8E73-C051A8D274F3}.Debug|Any CPU.Build.0 = Debug|Any CPU
		{5CCF6C8A-9F6B-4985-8E73-C051A8D274F3}.Release|Any CPU.ActiveCfg = Release|Any CPU
		{5CCF6C8A-9F6B-4985-8E73-C051A8D274F3}.Release|Any CPU.Build.0 = Release|Any CPU
	EndGlobalSection
	GlobalSection(SolutionProperties) = preSolution
		HideSolutionNode = FALSE
	EndGlobalSection
	GlobalSection(ExtensibilityGlobals) = postSolution
		SolutionGuid = {E37FA7CF-F023-43E0-BE4F-A9BD3A1D2DD6}
	EndGlobalSection
EndGlobal
