
Microsoft Visual Studio Solution File, Format Version 12.00
# Visual Studio Version 16
VisualStudioVersion = 16.0.29519.87
MinimumVisualStudioVersion = 10.0.40219.1
Project("{FAE04EC0-301F-11D3-BF4B-00C04F79EFBC}") = "MOD3_DESAFIO03_1", "MOD3_DESAFIO03_1\MOD3_DESAFIO03_1.csproj", "{DF0B8DAD-1DE5-4C37-9AF2-B0B702AC3CBD}"
EndProject
Global
	GlobalSection(SolutionConfigurationPlatforms) = preSolution
		Debug|Any CPU = Debug|Any CPU
		Release|Any CPU = Release|Any CPU
	EndGlobalSection
	GlobalSection(ProjectConfigurationPlatforms) = postSolution
		{DF0B8DAD-1DE5-4C37-9AF2-B0B702AC3CBD}.Debug|Any CPU.ActiveCfg = Debug|Any CPU
		{DF0B8DAD-1DE5-4C37-9AF2-B0B702AC3CBD}.Debug|Any CPU.Build.0 = Debug|Any CPU
		{DF0B8DAD-1DE5-4C37-9AF2-B0B702AC3CBD}.Release|Any CPU.ActiveCfg = Release|Any CPU
		{DF0B8DAD-1DE5-4C37-9AF2-B0B702AC3CBD}.Release|Any CPU.Build.0 = Release|Any CPU
	EndGlobalSection
	GlobalSection(SolutionProperties) = preSolution
		HideSolutionNode = FALSE
	EndGlobalSection
	GlobalSection(ExtensibilityGlobals) = postSolution
		SolutionGuid = {2657560A-8018-4F42-A37E-091D2E2F01C1}
	EndGlobalSection
EndGlobal
