
Microsoft Visual Studio Solution File, Format Version 12.00
# Visual Studio Version 16
VisualStudioVersion = 16.0.29519.87
MinimumVisualStudioVersion = 10.0.40219.1
Project("{FAE04EC0-301F-11D3-BF4B-00C04F79EFBC}") = "MOD03_DESAFIO3_3", "MOD03_DESAFIO3_3\MOD03_DESAFIO3_3.csproj", "{299DF181-7059-4512-8603-5E78E0F56350}"
EndProject
Global
	GlobalSection(SolutionConfigurationPlatforms) = preSolution
		Debug|Any CPU = Debug|Any CPU
		Release|Any CPU = Release|Any CPU
	EndGlobalSection
	GlobalSection(ProjectConfigurationPlatforms) = postSolution
		{299DF181-7059-4512-8603-5E78E0F56350}.Debug|Any CPU.ActiveCfg = Debug|Any CPU
		{299DF181-7059-4512-8603-5E78E0F56350}.Debug|Any CPU.Build.0 = Debug|Any CPU
		{299DF181-7059-4512-8603-5E78E0F56350}.Release|Any CPU.ActiveCfg = Release|Any CPU
		{299DF181-7059-4512-8603-5E78E0F56350}.Release|Any CPU.Build.0 = Release|Any CPU
	EndGlobalSection
	GlobalSection(SolutionProperties) = preSolution
		HideSolutionNode = FALSE
	EndGlobalSection
	GlobalSection(ExtensibilityGlobals) = postSolution
		SolutionGuid = {7C9BFAA7-D9F6-4B4D-89A3-580A480A676B}
	EndGlobalSection
EndGlobal
