
Microsoft Visual Studio Solution File, Format Version 12.00
# Visual Studio Version 16
VisualStudioVersion = 16.0.29326.143
MinimumVisualStudioVersion = 10.0.40219.1
Project("{FAE04EC0-301F-11D3-BF4B-00C04F79EFBC}") = "Negativos", "Negativos\Negativos.csproj", "{5DC6A0EA-432F-4C6A-BED9-6A1D032ECAC6}"
EndProject
Global
	GlobalSection(SolutionConfigurationPlatforms) = preSolution
		Debug|Any CPU = Debug|Any CPU
		Release|Any CPU = Release|Any CPU
	EndGlobalSection
	GlobalSection(ProjectConfigurationPlatforms) = postSolution
		{5DC6A0EA-432F-4C6A-BED9-6A1D032ECAC6}.Debug|Any CPU.ActiveCfg = Debug|Any CPU
		{5DC6A0EA-432F-4C6A-BED9-6A1D032ECAC6}.Debug|Any CPU.Build.0 = Debug|Any CPU
		{5DC6A0EA-432F-4C6A-BED9-6A1D032ECAC6}.Release|Any CPU.ActiveCfg = Release|Any CPU
		{5DC6A0EA-432F-4C6A-BED9-6A1D032ECAC6}.Release|Any CPU.Build.0 = Release|Any CPU
	EndGlobalSection
	GlobalSection(SolutionProperties) = preSolution
		HideSolutionNode = FALSE
	EndGlobalSection
	GlobalSection(ExtensibilityGlobals) = postSolution
		SolutionGuid = {878C58A0-4CE5-4520-978C-72502187FCED}
	EndGlobalSection
EndGlobal
